
Microsoft Visual Studio Solution File, Format Version 12.00
# Visual Studio Version 17
VisualStudioVersion = 17.5.33424.131
MinimumVisualStudioVersion = 10.0.40219.1
Project("{FAE04EC0-301F-11D3-BF4B-00C04F79EFBC}") = "Ödev", "Ödev\Ödev.csproj", "{5F75D4EA-A45C-4F09-B3E1-A0BF1B3B5B2D}"
EndProject
Project("{FAE04EC0-301F-11D3-BF4B-00C04F79EFBC}") = "ConsoleApp1", "ConsoleApp1\ConsoleApp1.csproj", "{0A8AF4E5-0D1C-4972-8EB1-BC51A3C1C0A7}"
EndProject
Global
	GlobalSection(SolutionConfigurationPlatforms) = preSolution
		Debug|Any CPU = Debug|Any CPU
		Release|Any CPU = Release|Any CPU
	EndGlobalSection
	GlobalSection(ProjectConfigurationPlatforms) = postSolution
		{5F75D4EA-A45C-4F09-B3E1-A0BF1B3B5B2D}.Debug|Any CPU.ActiveCfg = Debug|Any CPU
		{5F75D4EA-A45C-4F09-B3E1-A0BF1B3B5B2D}.Debug|Any CPU.Build.0 = Debug|Any CPU
		{5F75D4EA-A45C-4F09-B3E1-A0BF1B3B5B2D}.Release|Any CPU.ActiveCfg = Release|Any CPU
		{5F75D4EA-A45C-4F09-B3E1-A0BF1B3B5B2D}.Release|Any CPU.Build.0 = Release|Any CPU
		{0A8AF4E5-0D1C-4972-8EB1-BC51A3C1C0A7}.Debug|Any CPU.ActiveCfg = Debug|Any CPU
		{0A8AF4E5-0D1C-4972-8EB1-BC51A3C1C0A7}.Debug|Any CPU.Build.0 = Debug|Any CPU
		{0A8AF4E5-0D1C-4972-8EB1-BC51A3C1C0A7}.Release|Any CPU.ActiveCfg = Release|Any CPU
		{0A8AF4E5-0D1C-4972-8EB1-BC51A3C1C0A7}.Release|Any CPU.Build.0 = Release|Any CPU
	EndGlobalSection
	GlobalSection(SolutionProperties) = preSolution
		HideSolutionNode = FALSE
	EndGlobalSection
	GlobalSection(ExtensibilityGlobals) = postSolution
		SolutionGuid = {DBFBF9EF-6135-4D50-AA28-0C96CF07946C}
	EndGlobalSection
EndGlobal
